
Microsoft Visual Studio Solution File, Format Version 12.00
# Visual Studio Version 17
VisualStudioVersion = 17.14.36811.4 d17.14
MinimumVisualStudioVersion = 10.0.40219.1
Project("{FAE04EC0-301F-11D3-BF4B-00C04F79EFBC}") = "SistemaFrete", "SistemaFrete\SistemaFrete.csproj", "{27A4F595-15A7-41C6-B1DB-5FE548409D01}"
EndProject
Global
	GlobalSection(SolutionConfigurationPlatforms) = preSolution
		Debug|Any CPU = Debug|Any CPU
		Release|Any CPU = Release|Any CPU
	EndGlobalSection
	GlobalSection(ProjectConfigurationPlatforms) = postSolution
		{27A4F595-15A7-41C6-B1DB-5FE548409D01}.Debug|Any CPU.ActiveCfg = Debug|Any CPU
		{27A4F595-15A7-41C6-B1DB-5FE548409D01}.Debug|Any CPU.Build.0 = Debug|Any CPU
		{27A4F595-15A7-41C6-B1DB-5FE548409D01}.Release|Any CPU.ActiveCfg = Release|Any CPU
		{27A4F595-15A7-41C6-B1DB-5FE548409D01}.Release|Any CPU.Build.0 = Release|Any CPU
	EndGlobalSection
	GlobalSection(SolutionProperties) = preSolution
		HideSolutionNode = FALSE
	EndGlobalSection
	GlobalSection(ExtensibilityGlobals) = postSolution
		SolutionGuid = {6607CCAF-E617-4DCD-9959-225AC471FD28}
	EndGlobalSection
EndGlobal
